// !$*UTF8*$!
{
	archiveVersion = 1;
	classes = {
	};
	objectVersion = 56;
	objects = {

/* Begin PBXBuildFile section */
		1DC3D1742CB802137012A439 /* Pods_ShoeStore.framework in Frameworks */ = {isa = PBXBuildFile; fileRef = 16727F0225A9161E43807544 /* Pods_ShoeStore.framework */; };
		9E1F6DA12C20DA2000CACAEB /* HomeViewModel.swift in Sources */ = {isa = PBXBuildFile; fileRef = 9E1F6DA02C20DA2000CACAEB /* HomeViewModel.swift */; };
		9E1F6DA32C20DA5C00CACAEB /* HomeRepository.swift in Sources */ = {isa = PBXBuildFile; fileRef = 9E1F6DA22C20DA5C00CACAEB /* HomeRepository.swift */; };
		9E1F6DA52C20DAA600CACAEB /* IHomeRepository.swift in Sources */ = {isa = PBXBuildFile; fileRef = 9E1F6DA42C20DAA600CACAEB /* IHomeRepository.swift */; };
		9E1F6E092C21189D00CACAEB /* BannerItemView.swift in Sources */ = {isa = PBXBuildFile; fileRef = 9E1F6E082C21189D00CACAEB /* BannerItemView.swift */; };
		9E518DC82C227C3D007BD424 /* FiltersListView.swift in Sources */ = {isa = PBXBuildFile; fileRef = 9E518DC72C227C3D007BD424 /* FiltersListView.swift */; };
		9E518DCA2C227CEA007BD424 /* LoadingFiltersView.swift in Sources */ = {isa = PBXBuildFile; fileRef = 9E518DC92C227CEA007BD424 /* LoadingFiltersView.swift */; };
		9E518DCC2C227CFD007BD424 /* ErrorFiltersView.swift in Sources */ = {isa = PBXBuildFile; fileRef = 9E518DCB2C227CFD007BD424 /* ErrorFiltersView.swift */; };
		9E85442A2C1FD06900572C84 /* ShoeStoreApp.swift in Sources */ = {isa = PBXBuildFile; fileRef = 9E8544292C1FD06900572C84 /* ShoeStoreApp.swift */; };
		9E85442C2C1FD06900572C84 /* HomeView.swift in Sources */ = {isa = PBXBuildFile; fileRef = 9E85442B2C1FD06900572C84 /* HomeView.swift */; };
		9E85442E2C1FD06A00572C84 /* Assets.xcassets in Resources */ = {isa = PBXBuildFile; fileRef = 9E85442D2C1FD06A00572C84 /* Assets.xcassets */; };
		9E8544322C1FD06A00572C84 /* Preview Assets.xcassets in Resources */ = {isa = PBXBuildFile; fileRef = 9E8544312C1FD06A00572C84 /* Preview Assets.xcassets */; };
		9EEFCF342C265E50009B4178 /* Store.swift in Sources */ = {isa = PBXBuildFile; fileRef = 9EEFCF332C265E50009B4178 /* Store.swift */; };
		9EEFCF372C2660A2009B4178 /* StoresListView.swift in Sources */ = {isa = PBXBuildFile; fileRef = 9EEFCF362C2660A2009B4178 /* StoresListView.swift */; };
		9EEFCF392C2660AF009B4178 /* StoreItemView.swift in Sources */ = {isa = PBXBuildFile; fileRef = 9EEFCF382C2660AF009B4178 /* StoreItemView.swift */; };
		9EEFCF3B2C26650A009B4178 /* Address.swift in Sources */ = {isa = PBXBuildFile; fileRef = 9EEFCF3A2C26650A009B4178 /* Address.swift */; };
		9EEFCF3F2C266A25009B4178 /* Product.swift in Sources */ = {isa = PBXBuildFile; fileRef = 9EEFCF3E2C266A25009B4178 /* Product.swift */; };
		9EEFCF462C266B71009B4178 /* IProductRepository.swift in Sources */ = {isa = PBXBuildFile; fileRef = 9EEFCF452C266B71009B4178 /* IProductRepository.swift */; };
		9EEFCF482C266BAA009B4178 /* ProductRepository.swift in Sources */ = {isa = PBXBuildFile; fileRef = 9EEFCF472C266BAA009B4178 /* ProductRepository.swift */; };
		9EEFCF4A2C266C15009B4178 /* ProductViewModel.swift in Sources */ = {isa = PBXBuildFile; fileRef = 9EEFCF492C266C15009B4178 /* ProductViewModel.swift */; };
		9EEFCF4C2C266D11009B4178 /* ProductsView.swift in Sources */ = {isa = PBXBuildFile; fileRef = 9EEFCF4B2C266D11009B4178 /* ProductsView.swift */; };
		9EFEE2732C222726001D9680 /* ContentView.swift in Sources */ = {isa = PBXBuildFile; fileRef = 9EFEE2722C222726001D9680 /* ContentView.swift */; };
		9EFEE2772C223135001D9680 /* SkeletonViewModifier.swift in Sources */ = {isa = PBXBuildFile; fileRef = 9EFEE2762C223135001D9680 /* SkeletonViewModifier.swift */; };
		9EFEE2792C223714001D9680 /* BannerTabView.swift in Sources */ = {isa = PBXBuildFile; fileRef = 9EFEE2782C223714001D9680 /* BannerTabView.swift */; };
		9EFEE27C2C224857001D9680 /* BannerLoadingView.swift in Sources */ = {isa = PBXBuildFile; fileRef = 9EFEE27B2C224857001D9680 /* BannerLoadingView.swift */; };
		9EFEE27E2C2248BA001D9680 /* BannerErrorView.swift in Sources */ = {isa = PBXBuildFile; fileRef = 9EFEE27D2C2248BA001D9680 /* BannerErrorView.swift */; };
		9EFEE2822C226651001D9680 /* ViewState.swift in Sources */ = {isa = PBXBuildFile; fileRef = 9EFEE2812C226651001D9680 /* ViewState.swift */; };
		9EFEE2852C226683001D9680 /* Banner.swift in Sources */ = {isa = PBXBuildFile; fileRef = 9EFEE2842C226683001D9680 /* Banner.swift */; };
		9EFEE2872C2266A0001D9680 /* Filter.swift in Sources */ = {isa = PBXBuildFile; fileRef = 9EFEE2862C2266A0001D9680 /* Filter.swift */; };
		9EFEE2892C226706001D9680 /* FilterItemView.swift in Sources */ = {isa = PBXBuildFile; fileRef = 9EFEE2882C226706001D9680 /* FilterItemView.swift */; };
/* End PBXBuildFile section */

/* Begin PBXFileReference section */
		16727F0225A9161E43807544 /* Pods_ShoeStore.framework */ = {isa = PBXFileReference; explicitFileType = wrapper.framework; includeInIndex = 0; path = Pods_ShoeStore.framework; sourceTree = BUILT_PRODUCTS_DIR; };
		66B38620F61EC5886FE023AC /* Pods-ShoeStore.debug.xcconfig */ = {isa = PBXFileReference; includeInIndex = 1; lastKnownFileType = text.xcconfig; name = "Pods-ShoeStore.debug.xcconfig"; path = "Target Support Files/Pods-ShoeStore/Pods-ShoeStore.debug.xcconfig"; sourceTree = "<group>"; };
		7E136F3D7E9EF85A48CE5144 /* Pods-ShoeStore.release.xcconfig */ = {isa = PBXFileReference; includeInIndex = 1; lastKnownFileType = text.xcconfig; name = "Pods-ShoeStore.release.xcconfig"; path = "Target Support Files/Pods-ShoeStore/Pods-ShoeStore.release.xcconfig"; sourceTree = "<group>"; };
		9E1F6DA02C20DA2000CACAEB /* HomeViewModel.swift */ = {isa = PBXFileReference; lastKnownFileType = sourcecode.swift; path = HomeViewModel.swift; sourceTree = "<group>"; };
		9E1F6DA22C20DA5C00CACAEB /* HomeRepository.swift */ = {isa = PBXFileReference; lastKnownFileType = sourcecode.swift; path = HomeRepository.swift; sourceTree = "<group>"; };
		9E1F6DA42C20DAA600CACAEB /* IHomeRepository.swift */ = {isa = PBXFileReference; lastKnownFileType = sourcecode.swift; path = IHomeRepository.swift; sourceTree = "<group>"; };
		9E1F6E082C21189D00CACAEB /* BannerItemView.swift */ = {isa = PBXFileReference; lastKnownFileType = sourcecode.swift; path = BannerItemView.swift; sourceTree = "<group>"; };
		9E518DC72C227C3D007BD424 /* FiltersListView.swift */ = {isa = PBXFileReference; lastKnownFileType = sourcecode.swift; path = FiltersListView.swift; sourceTree = "<group>"; };
		9E518DC92C227CEA007BD424 /* LoadingFiltersView.swift */ = {isa = PBXFileReference; lastKnownFileType = sourcecode.swift; path = LoadingFiltersView.swift; sourceTree = "<group>"; };
		9E518DCB2C227CFD007BD424 /* ErrorFiltersView.swift */ = {isa = PBXFileReference; lastKnownFileType = sourcecode.swift; path = ErrorFiltersView.swift; sourceTree = "<group>"; };
		9E8544262C1FD06900572C84 /* ShoeStore.app */ = {isa = PBXFileReference; explicitFileType = wrapper.application; includeInIndex = 0; path = ShoeStore.app; sourceTree = BUILT_PRODUCTS_DIR; };
		9E8544292C1FD06900572C84 /* ShoeStoreApp.swift */ = {isa = PBXFileReference; lastKnownFileType = sourcecode.swift; path = ShoeStoreApp.swift; sourceTree = "<group>"; };
		9E85442B2C1FD06900572C84 /* HomeView.swift */ = {isa = PBXFileReference; lastKnownFileType = sourcecode.swift; path = HomeView.swift; sourceTree = "<group>"; };
		9E85442D2C1FD06A00572C84 /* Assets.xcassets */ = {isa = PBXFileReference; lastKnownFileType = folder.assetcatalog; path = Assets.xcassets; sourceTree = "<group>"; };
		9E85442F2C1FD06A00572C84 /* ShoeStore.entitlements */ = {isa = PBXFileReference; lastKnownFileType = text.plist.entitlements; path = ShoeStore.entitlements; sourceTree = "<group>"; };
		9E8544312C1FD06A00572C84 /* Preview Assets.xcassets */ = {isa = PBXFileReference; lastKnownFileType = folder.assetcatalog; path = "Preview Assets.xcassets"; sourceTree = "<group>"; };
		9EEFCF332C265E50009B4178 /* Store.swift */ = {isa = PBXFileReference; lastKnownFileType = sourcecode.swift; path = Store.swift; sourceTree = "<group>"; };
		9EEFCF362C2660A2009B4178 /* StoresListView.swift */ = {isa = PBXFileReference; lastKnownFileType = sourcecode.swift; path = StoresListView.swift; sourceTree = "<group>"; };
		9EEFCF382C2660AF009B4178 /* StoreItemView.swift */ = {isa = PBXFileReference; lastKnownFileType = sourcecode.swift; path = StoreItemView.swift; sourceTree = "<group>"; };
		9EEFCF3A2C26650A009B4178 /* Address.swift */ = {isa = PBXFileReference; lastKnownFileType = sourcecode.swift; path = Address.swift; sourceTree = "<group>"; };
		9EEFCF3E2C266A25009B4178 /* Product.swift */ = {isa = PBXFileReference; lastKnownFileType = sourcecode.swift; path = Product.swift; sourceTree = "<group>"; };
		9EEFCF452C266B71009B4178 /* IProductRepository.swift */ = {isa = PBXFileReference; lastKnownFileType = sourcecode.swift; path = IProductRepository.swift; sourceTree = "<group>"; };
		9EEFCF472C266BAA009B4178 /* ProductRepository.swift */ = {isa = PBXFileReference; lastKnownFileType = sourcecode.swift; path = ProductRepository.swift; sourceTree = "<group>"; };
		9EEFCF492C266C15009B4178 /* ProductViewModel.swift */ = {isa = PBXFileReference; lastKnownFileType = sourcecode.swift; path = ProductViewModel.swift; sourceTree = "<group>"; };
		9EEFCF4B2C266D11009B4178 /* ProductsView.swift */ = {isa = PBXFileReference; lastKnownFileType = sourcecode.swift; path = ProductsView.swift; sourceTree = "<group>"; };
		9EFEE2722C222726001D9680 /* ContentView.swift */ = {isa = PBXFileReference; lastKnownFileType = sourcecode.swift; path = ContentView.swift; sourceTree = "<group>"; };
		9EFEE2762C223135001D9680 /* SkeletonViewModifier.swift */ = {isa = PBXFileReference; lastKnownFileType = sourcecode.swift; path = SkeletonViewModifier.swift; sourceTree = "<group>"; };
		9EFEE2782C223714001D9680 /* BannerTabView.swift */ = {isa = PBXFileReference; lastKnownFileType = sourcecode.swift; path = BannerTabView.swift; sourceTree = "<group>"; };
		9EFEE27B2C224857001D9680 /* BannerLoadingView.swift */ = {isa = PBXFileReference; lastKnownFileType = sourcecode.swift; path = BannerLoadingView.swift; sourceTree = "<group>"; };
		9EFEE27D2C2248BA001D9680 /* BannerErrorView.swift */ = {isa = PBXFileReference; lastKnownFileType = sourcecode.swift; path = BannerErrorView.swift; sourceTree = "<group>"; };
		9EFEE2812C226651001D9680 /* ViewState.swift */ = {isa = PBXFileReference; lastKnownFileType = sourcecode.swift; path = ViewState.swift; sourceTree = "<group>"; };
		9EFEE2842C226683001D9680 /* Banner.swift */ = {isa = PBXFileReference; lastKnownFileType = sourcecode.swift; path = Banner.swift; sourceTree = "<group>"; };
		9EFEE2862C2266A0001D9680 /* Filter.swift */ = {isa = PBXFileReference; lastKnownFileType = sourcecode.swift; path = Filter.swift; sourceTree = "<group>"; };
		9EFEE2882C226706001D9680 /* FilterItemView.swift */ = {isa = PBXFileReference; lastKnownFileType = sourcecode.swift; path = FilterItemView.swift; sourceTree = "<group>"; };
/* End PBXFileReference section */

/* Begin PBXFrameworksBuildPhase section */
		9E8544232C1FD06900572C84 /* Frameworks */ = {
			isa = PBXFrameworksBuildPhase;
			buildActionMask = 2147483647;
			files = (
				1DC3D1742CB802137012A439 /* Pods_ShoeStore.framework in Frameworks */,
			);
			runOnlyForDeploymentPostprocessing = 0;
		};
/* End PBXFrameworksBuildPhase section */

/* Begin PBXGroup section */
		0027CF4C6276E14A854CE0DB /* Pods */ = {
			isa = PBXGroup;
			children = (
				66B38620F61EC5886FE023AC /* Pods-ShoeStore.debug.xcconfig */,
				7E136F3D7E9EF85A48CE5144 /* Pods-ShoeStore.release.xcconfig */,
			);
			path = Pods;
			sourceTree = "<group>";
		};
		4798F1A1FED5BC275BC7EF96 /* Frameworks */ = {
			isa = PBXGroup;
			children = (
				16727F0225A9161E43807544 /* Pods_ShoeStore.framework */,
			);
			name = Frameworks;
			sourceTree = "<group>";
		};
		9E1F6D992C20D9C600CACAEB /* Features */ = {
			isa = PBXGroup;
			children = (
				9EEFCF3C2C2669C6009B4178 /* Products */,
				9E1F6D9A2C20D9CF00CACAEB /* Home */,
			);
			path = Features;
			sourceTree = "<group>";
		};
		9E1F6D9A2C20D9CF00CACAEB /* Home */ = {
			isa = PBXGroup;
			children = (
				9EFEE2832C226674001D9680 /* Models */,
				9E1F6D9D2C20D9F300CACAEB /* Repository */,
				9E1F6D9C2C20D9E900CACAEB /* ViewModel */,
				9E1F6D9B2C20D9E100CACAEB /* View */,
			);
			path = Home;
			sourceTree = "<group>";
		};
		9E1F6D9B2C20D9E100CACAEB /* View */ = {
			isa = PBXGroup;
			children = (
				9E1F6D9F2C20DA0A00CACAEB /* Components */,
				9E1F6D9E2C20D9FE00CACAEB /* Views */,
			);
			path = View;
			sourceTree = "<group>";
		};
		9E1F6D9C2C20D9E900CACAEB /* ViewModel */ = {
			isa = PBXGroup;
			children = (
				9E1F6DA02C20DA2000CACAEB /* HomeViewModel.swift */,
			);
			path = ViewModel;
			sourceTree = "<group>";
		};
		9E1F6D9D2C20D9F300CACAEB /* Repository */ = {
			isa = PBXGroup;
			children = (
				9E1F6DA22C20DA5C00CACAEB /* HomeRepository.swift */,
				9E1F6DA42C20DAA600CACAEB /* IHomeRepository.swift */,
			);
			path = Repository;
			sourceTree = "<group>";
		};
		9E1F6D9E2C20D9FE00CACAEB /* Views */ = {
			isa = PBXGroup;
			children = (
				9E85442B2C1FD06900572C84 /* HomeView.swift */,
			);
			path = Views;
			sourceTree = "<group>";
		};
		9E1F6D9F2C20DA0A00CACAEB /* Components */ = {
			isa = PBXGroup;
			children = (
				9EEFCF352C26608E009B4178 /* Stores */,
				9EFEE27F2C226611001D9680 /* Filters */,
				9EFEE27A2C224723001D9680 /* Banners */,
			);
			path = Components;
			sourceTree = "<group>";
		};
		9E1F6E022C2116B000CACAEB /* Commons */ = {
			isa = PBXGroup;
			children = (
				9EEFCF322C265E43009B4178 /* Models */,
				9EFEE2802C22663D001D9680 /* States */,
				9EFEE2752C223123001D9680 /* Components */,
			);
			path = Commons;
			sourceTree = "<group>";
		};
		9E85441D2C1FD06900572C84 = {
			isa = PBXGroup;
			children = (
				9E8544282C1FD06900572C84 /* ShoeStore */,
				9E8544272C1FD06900572C84 /* Products */,
				0027CF4C6276E14A854CE0DB /* Pods */,
				4798F1A1FED5BC275BC7EF96 /* Frameworks */,
			);
			sourceTree = "<group>";
		};
		9E8544272C1FD06900572C84 /* Products */ = {
			isa = PBXGroup;
			children = (
				9E8544262C1FD06900572C84 /* ShoeStore.app */,
			);
			name = Products;
			sourceTree = "<group>";
		};
		9E8544282C1FD06900572C84 /* ShoeStore */ = {
			isa = PBXGroup;
			children = (
				9EFEE2742C222781001D9680 /* App */,
				9E1F6E022C2116B000CACAEB /* Commons */,
				9E1F6D992C20D9C600CACAEB /* Features */,
				9E85442F2C1FD06A00572C84 /* ShoeStore.entitlements */,
				9E8544302C1FD06A00572C84 /* Preview Content */,
			);
			path = ShoeStore;
			sourceTree = "<group>";
		};
		9E8544302C1FD06A00572C84 /* Preview Content */ = {
			isa = PBXGroup;
			children = (
				9E8544312C1FD06A00572C84 /* Preview Assets.xcassets */,
			);
			path = "Preview Content";
			sourceTree = "<group>";
		};
		9EEFCF322C265E43009B4178 /* Models */ = {
			isa = PBXGroup;
			children = (
				9EEFCF332C265E50009B4178 /* Store.swift */,
				9EEFCF3A2C26650A009B4178 /* Address.swift */,
				9EEFCF3E2C266A25009B4178 /* Product.swift */,
			);
			path = Models;
			sourceTree = "<group>";
		};
		9EEFCF352C26608E009B4178 /* Stores */ = {
			isa = PBXGroup;
			children = (
				9EEFCF362C2660A2009B4178 /* StoresListView.swift */,
				9EEFCF382C2660AF009B4178 /* StoreItemView.swift */,
			);
			path = Stores;
			sourceTree = "<group>";
		};
		9EEFCF3C2C2669C6009B4178 /* Products */ = {
			isa = PBXGroup;
			children = (
				9EEFCF442C266B5A009B4178 /* Repository */,
				9EEFCF432C266B52009B4178 /* ViewModel */,
				9EEFCF402C266B36009B4178 /* View */,
			);
			path = Products;
			sourceTree = "<group>";
		};
		9EEFCF402C266B36009B4178 /* View */ = {
			isa = PBXGroup;
			children = (
				9EEFCF422C266B4A009B4178 /* Views */,
				9EEFCF412C266B43009B4178 /* Components */,
			);
			path = View;
			sourceTree = "<group>";
		};
		9EEFCF412C266B43009B4178 /* Components */ = {
			isa = PBXGroup;
			children = (
			);
			path = Components;
			sourceTree = "<group>";
		};
		9EEFCF422C266B4A009B4178 /* Views */ = {
			isa = PBXGroup;
			children = (
				9EEFCF4B2C266D11009B4178 /* ProductsView.swift */,
			);
			path = Views;
			sourceTree = "<group>";
		};
		9EEFCF432C266B52009B4178 /* ViewModel */ = {
			isa = PBXGroup;
			children = (
				9EEFCF492C266C15009B4178 /* ProductViewModel.swift */,
			);
			path = ViewModel;
			sourceTree = "<group>";
		};
		9EEFCF442C266B5A009B4178 /* Repository */ = {
			isa = PBXGroup;
			children = (
				9EEFCF452C266B71009B4178 /* IProductRepository.swift */,
				9EEFCF472C266BAA009B4178 /* ProductRepository.swift */,
			);
			path = Repository;
			sourceTree = "<group>";
		};
		9EFEE2742C222781001D9680 /* App */ = {
			isa = PBXGroup;
			children = (
				9E8544292C1FD06900572C84 /* ShoeStoreApp.swift */,
				9EFEE2722C222726001D9680 /* ContentView.swift */,
				9E85442D2C1FD06A00572C84 /* Assets.xcassets */,
			);
			path = App;
			sourceTree = "<group>";
		};
		9EFEE2752C223123001D9680 /* Components */ = {
			isa = PBXGroup;
			children = (
				9EFEE2762C223135001D9680 /* SkeletonViewModifier.swift */,
			);
			path = Components;
			sourceTree = "<group>";
		};
		9EFEE27A2C224723001D9680 /* Banners */ = {
			isa = PBXGroup;
			children = (
				9EFEE2782C223714001D9680 /* BannerTabView.swift */,
				9E1F6E082C21189D00CACAEB /* BannerItemView.swift */,
				9EFEE27B2C224857001D9680 /* BannerLoadingView.swift */,
				9EFEE27D2C2248BA001D9680 /* BannerErrorView.swift */,
			);
			path = Banners;
			sourceTree = "<group>";
		};
		9EFEE27F2C226611001D9680 /* Filters */ = {
			isa = PBXGroup;
			children = (
				9EFEE2882C226706001D9680 /* FilterItemView.swift */,
				9E518DC72C227C3D007BD424 /* FiltersListView.swift */,
				9E518DC92C227CEA007BD424 /* LoadingFiltersView.swift */,
				9E518DCB2C227CFD007BD424 /* ErrorFiltersView.swift */,
			);
			path = Filters;
			sourceTree = "<group>";
		};
		9EFEE2802C22663D001D9680 /* States */ = {
			isa = PBXGroup;
			children = (
				9EFEE2812C226651001D9680 /* ViewState.swift */,
			);
			path = States;
			sourceTree = "<group>";
		};
		9EFEE2832C226674001D9680 /* Models */ = {
			isa = PBXGroup;
			children = (
				9EFEE2842C226683001D9680 /* Banner.swift */,
				9EFEE2862C2266A0001D9680 /* Filter.swift */,
			);
			path = Models;
			sourceTree = "<group>";
		};
/* End PBXGroup section */

/* Begin PBXNativeTarget section */
		9E8544252C1FD06900572C84 /* ShoeStore */ = {
			isa = PBXNativeTarget;
			buildConfigurationList = 9E8544352C1FD06A00572C84 /* Build configuration list for PBXNativeTarget "ShoeStore" */;
			buildPhases = (
				5BE64EED3AAB4D89FF17A794 /* [CP] Check Pods Manifest.lock */,
				9E8544222C1FD06900572C84 /* Sources */,
				9E8544232C1FD06900572C84 /* Frameworks */,
				9E8544242C1FD06900572C84 /* Resources */,
				4FDA9998C275148B24AC7050 /* [CP] Embed Pods Frameworks */,
			);
			buildRules = (
			);
			dependencies = (
			);
			name = ShoeStore;
			productName = ShoeStore;
			productReference = 9E8544262C1FD06900572C84 /* ShoeStore.app */;
			productType = "com.apple.product-type.application";
		};
/* End PBXNativeTarget section */

/* Begin PBXProject section */
		9E85441E2C1FD06900572C84 /* Project object */ = {
			isa = PBXProject;
			attributes = {
				BuildIndependentTargetsInParallel = 1;
				LastSwiftUpdateCheck = 1530;
				LastUpgradeCheck = 1530;
				TargetAttributes = {
					9E8544252C1FD06900572C84 = {
						CreatedOnToolsVersion = 15.3;
					};
				};
			};
			buildConfigurationList = 9E8544212C1FD06900572C84 /* Build configuration list for PBXProject "ShoeStore" */;
			compatibilityVersion = "Xcode 14.0";
			developmentRegion = en;
			hasScannedForEncodings = 0;
			knownRegions = (
				en,
				Base,
			);
			mainGroup = 9E85441D2C1FD06900572C84;
			productRefGroup = 9E8544272C1FD06900572C84 /* Products */;
			projectDirPath = "";
			projectRoot = "";
			targets = (
				9E8544252C1FD06900572C84 /* ShoeStore */,
			);
		};
/* End PBXProject section */

/* Begin PBXResourcesBuildPhase section */
		9E8544242C1FD06900572C84 /* Resources */ = {
			isa = PBXResourcesBuildPhase;
			buildActionMask = 2147483647;
			files = (
				9E8544322C1FD06A00572C84 /* Preview Assets.xcassets in Resources */,
				9E85442E2C1FD06A00572C84 /* Assets.xcassets in Resources */,
			);
			runOnlyForDeploymentPostprocessing = 0;
		};
/* End PBXResourcesBuildPhase section */

/* Begin PBXShellScriptBuildPhase section */
		4FDA9998C275148B24AC7050 /* [CP] Embed Pods Frameworks */ = {
			isa = PBXShellScriptBuildPhase;
			buildActionMask = 2147483647;
			files = (
			);
			inputFileListPaths = (
				"${PODS_ROOT}/Target Support Files/Pods-ShoeStore/Pods-ShoeStore-frameworks-${CONFIGURATION}-input-files.xcfilelist",
			);
			name = "[CP] Embed Pods Frameworks";
			outputFileListPaths = (
				"${PODS_ROOT}/Target Support Files/Pods-ShoeStore/Pods-ShoeStore-frameworks-${CONFIGURATION}-output-files.xcfilelist",
			);
			runOnlyForDeploymentPostprocessing = 0;
			shellPath = /bin/sh;
			shellScript = "\"${PODS_ROOT}/Target Support Files/Pods-ShoeStore/Pods-ShoeStore-frameworks.sh\"\n";
			showEnvVarsInLog = 0;
		};
		5BE64EED3AAB4D89FF17A794 /* [CP] Check Pods Manifest.lock */ = {
			isa = PBXShellScriptBuildPhase;
			buildActionMask = 2147483647;
			files = (
			);
			inputFileListPaths = (
			);
			inputPaths = (
				"${PODS_PODFILE_DIR_PATH}/Podfile.lock",
				"${PODS_ROOT}/Manifest.lock",
			);
			name = "[CP] Check Pods Manifest.lock";
			outputFileListPaths = (
			);
			outputPaths = (
				"$(DERIVED_FILE_DIR)/Pods-ShoeStore-checkManifestLockResult.txt",
			);
			runOnlyForDeploymentPostprocessing = 0;
			shellPath = /bin/sh;
			shellScript = "diff \"${PODS_PODFILE_DIR_PATH}/Podfile.lock\" \"${PODS_ROOT}/Manifest.lock\" > /dev/null\nif [ $? != 0 ] ; then\n    # print error to STDERR\n    echo \"error: The sandbox is not in sync with the Podfile.lock. Run 'pod install' or update your CocoaPods installation.\" >&2\n    exit 1\nfi\n# This output is used by Xcode 'outputs' to avoid re-running this script phase.\necho \"SUCCESS\" > \"${SCRIPT_OUTPUT_FILE_0}\"\n";
			showEnvVarsInLog = 0;
		};
/* End PBXShellScriptBuildPhase section */

/* Begin PBXSourcesBuildPhase section */
		9E8544222C1FD06900572C84 /* Sources */ = {
			isa = PBXSourcesBuildPhase;
			buildActionMask = 2147483647;
			files = (
				9EFEE27E2C2248BA001D9680 /* BannerErrorView.swift in Sources */,
				9E518DCC2C227CFD007BD424 /* ErrorFiltersView.swift in Sources */,
				9EEFCF3F2C266A25009B4178 /* Product.swift in Sources */,
				9E518DC82C227C3D007BD424 /* FiltersListView.swift in Sources */,
				9E1F6DA32C20DA5C00CACAEB /* HomeRepository.swift in Sources */,
				9EEFCF462C266B71009B4178 /* IProductRepository.swift in Sources */,
				9EFEE2852C226683001D9680 /* Banner.swift in Sources */,
				9EFEE2822C226651001D9680 /* ViewState.swift in Sources */,
				9EEFCF372C2660A2009B4178 /* StoresListView.swift in Sources */,
				9E85442C2C1FD06900572C84 /* HomeView.swift in Sources */,
				9EFEE2732C222726001D9680 /* ContentView.swift in Sources */,
				9EEFCF482C266BAA009B4178 /* ProductRepository.swift in Sources */,
				9E1F6E092C21189D00CACAEB /* BannerItemView.swift in Sources */,
				9EFEE2872C2266A0001D9680 /* Filter.swift in Sources */,
				9EFEE2792C223714001D9680 /* BannerTabView.swift in Sources */,
				9EFEE27C2C224857001D9680 /* BannerLoadingView.swift in Sources */,
				9E1F6DA12C20DA2000CACAEB /* HomeViewModel.swift in Sources */,
				9EEFCF4C2C266D11009B4178 /* ProductsView.swift in Sources */,
				9EFEE2772C223135001D9680 /* SkeletonViewModifier.swift in Sources */,
				9EEFCF4A2C266C15009B4178 /* ProductViewModel.swift in Sources */,
				9EEFCF392C2660AF009B4178 /* StoreItemView.swift in Sources */,
				9EEFCF342C265E50009B4178 /* Store.swift in Sources */,
				9EFEE2892C226706001D9680 /* FilterItemView.swift in Sources */,
				9E1F6DA52C20DAA600CACAEB /* IHomeRepository.swift in Sources */,
				9E85442A2C1FD06900572C84 /* ShoeStoreApp.swift in Sources */,
				9EEFCF3B2C26650A009B4178 /* Address.swift in Sources */,
				9E518DCA2C227CEA007BD424 /* LoadingFiltersView.swift in Sources */,
			);
			runOnlyForDeploymentPostprocessing = 0;
		};
/* End PBXSourcesBuildPhase section */

/* Begin XCBuildConfiguration section */
		9E8544332C1FD06A00572C84 /* Debug */ = {
			isa = XCBuildConfiguration;
			buildSettings = {
				ALWAYS_SEARCH_USER_PATHS = NO;
				ASSETCATALOG_COMPILER_GENERATE_SWIFT_ASSET_SYMBOL_EXTENSIONS = YES;
				CLANG_ANALYZER_NONNULL = YES;
				CLANG_ANALYZER_NUMBER_OBJECT_CONVERSION = YES_AGGRESSIVE;
				CLANG_CXX_LANGUAGE_STANDARD = "gnu++20";
				CLANG_ENABLE_MODULES = YES;
				CLANG_ENABLE_OBJC_ARC = YES;
				CLANG_ENABLE_OBJC_WEAK = YES;
				CLANG_WARN_BLOCK_CAPTURE_AUTORELEASING = YES;
				CLANG_WARN_BOOL_CONVERSION = YES;
				CLANG_WARN_COMMA = YES;
				CLANG_WARN_CONSTANT_CONVERSION = YES;
				CLANG_WARN_DEPRECATED_OBJC_IMPLEMENTATIONS = YES;
				CLANG_WARN_DIRECT_OBJC_ISA_USAGE = YES_ERROR;
				CLANG_WARN_DOCUMENTATION_COMMENTS = YES;
				CLANG_WARN_EMPTY_BODY = YES;
				CLANG_WARN_ENUM_CONVERSION = YES;
				CLANG_WARN_INFINITE_RECURSION = YES;
				CLANG_WARN_INT_CONVERSION = YES;
				CLANG_WARN_NON_LITERAL_NULL_CONVERSION = YES;
				CLANG_WARN_OBJC_IMPLICIT_RETAIN_SELF = YES;
				CLANG_WARN_OBJC_LITERAL_CONVERSION = YES;
				CLANG_WARN_OBJC_ROOT_CLASS = YES_ERROR;
				CLANG_WARN_QUOTED_INCLUDE_IN_FRAMEWORK_HEADER = YES;
				CLANG_WARN_RANGE_LOOP_ANALYSIS = YES;
				CLANG_WARN_STRICT_PROTOTYPES = YES;
				CLANG_WARN_SUSPICIOUS_MOVE = YES;
				CLANG_WARN_UNGUARDED_AVAILABILITY = YES_AGGRESSIVE;
				CLANG_WARN_UNREACHABLE_CODE = YES;
				CLANG_WARN__DUPLICATE_METHOD_MATCH = YES;
				COPY_PHASE_STRIP = NO;
				DEBUG_INFORMATION_FORMAT = dwarf;
				ENABLE_STRICT_OBJC_MSGSEND = YES;
				ENABLE_TESTABILITY = YES;
				ENABLE_USER_SCRIPT_SANDBOXING = NO;
				GCC_C_LANGUAGE_STANDARD = gnu17;
				GCC_DYNAMIC_NO_PIC = NO;
				GCC_NO_COMMON_BLOCKS = YES;
				GCC_OPTIMIZATION_LEVEL = 0;
				GCC_PREPROCESSOR_DEFINITIONS = (
					"DEBUG=1",
					"$(inherited)",
				);
				GCC_WARN_64_TO_32_BIT_CONVERSION = YES;
				GCC_WARN_ABOUT_RETURN_TYPE = YES_ERROR;
				GCC_WARN_UNDECLARED_SELECTOR = YES;
				GCC_WARN_UNINITIALIZED_AUTOS = YES_AGGRESSIVE;
				GCC_WARN_UNUSED_FUNCTION = YES;
				GCC_WARN_UNUSED_VARIABLE = YES;
				LOCALIZATION_PREFERS_STRING_CATALOGS = YES;
				MTL_ENABLE_DEBUG_INFO = INCLUDE_SOURCE;
				MTL_FAST_MATH = YES;
				ONLY_ACTIVE_ARCH = YES;
				SWIFT_ACTIVE_COMPILATION_CONDITIONS = "DEBUG $(inherited)";
				SWIFT_OPTIMIZATION_LEVEL = "-Onone";
			};
			name = Debug;
		};
		9E8544342C1FD06A00572C84 /* Release */ = {
			isa = XCBuildConfiguration;
			buildSettings = {
				ALWAYS_SEARCH_USER_PATHS = NO;
				ASSETCATALOG_COMPILER_GENERATE_SWIFT_ASSET_SYMBOL_EXTENSIONS = YES;
				CLANG_ANALYZER_NONNULL = YES;
				CLANG_ANALYZER_NUMBER_OBJECT_CONVERSION = YES_AGGRESSIVE;
				CLANG_CXX_LANGUAGE_STANDARD = "gnu++20";
				CLANG_ENABLE_MODULES = YES;
				CLANG_ENABLE_OBJC_ARC = YES;
				CLANG_ENABLE_OBJC_WEAK = YES;
				CLANG_WARN_BLOCK_CAPTURE_AUTORELEASING = YES;
				CLANG_WARN_BOOL_CONVERSION = YES;
				CLANG_WARN_COMMA = YES;
				CLANG_WARN_CONSTANT_CONVERSION = YES;
				CLANG_WARN_DEPRECATED_OBJC_IMPLEMENTATIONS = YES;
				CLANG_WARN_DIRECT_OBJC_ISA_USAGE = YES_ERROR;
				CLANG_WARN_DOCUMENTATION_COMMENTS = YES;
				CLANG_WARN_EMPTY_BODY = YES;
				CLANG_WARN_ENUM_CONVERSION = YES;
				CLANG_WARN_INFINITE_RECURSION = YES;
				CLANG_WARN_INT_CONVERSION = YES;
				CLANG_WARN_NON_LITERAL_NULL_CONVERSION = YES;
				CLANG_WARN_OBJC_IMPLICIT_RETAIN_SELF = YES;
				CLANG_WARN_OBJC_LITERAL_CONVERSION = YES;
				CLANG_WARN_OBJC_ROOT_CLASS = YES_ERROR;
				CLANG_WARN_QUOTED_INCLUDE_IN_FRAMEWORK_HEADER = YES;
				CLANG_WARN_RANGE_LOOP_ANALYSIS = YES;
				CLANG_WARN_STRICT_PROTOTYPES = YES;
				CLANG_WARN_SUSPICIOUS_MOVE = YES;
				CLANG_WARN_UNGUARDED_AVAILABILITY = YES_AGGRESSIVE;
				CLANG_WARN_UNREACHABLE_CODE = YES;
				CLANG_WARN__DUPLICATE_METHOD_MATCH = YES;
				COPY_PHASE_STRIP = NO;
				DEBUG_INFORMATION_FORMAT = "dwarf-with-dsym";
				ENABLE_NS_ASSERTIONS = NO;
				ENABLE_STRICT_OBJC_MSGSEND = YES;
				ENABLE_USER_SCRIPT_SANDBOXING = NO;
				GCC_C_LANGUAGE_STANDARD = gnu17;
				GCC_NO_COMMON_BLOCKS = YES;
				GCC_WARN_64_TO_32_BIT_CONVERSION = YES;
				GCC_WARN_ABOUT_RETURN_TYPE = YES_ERROR;
				GCC_WARN_UNDECLARED_SELECTOR = YES;
				GCC_WARN_UNINITIALIZED_AUTOS = YES_AGGRESSIVE;
				GCC_WARN_UNUSED_FUNCTION = YES;
				GCC_WARN_UNUSED_VARIABLE = YES;
				LOCALIZATION_PREFERS_STRING_CATALOGS = YES;
				MTL_ENABLE_DEBUG_INFO = NO;
				MTL_FAST_MATH = YES;
				SWIFT_COMPILATION_MODE = wholemodule;
			};
			name = Release;
		};
		9E8544362C1FD06A00572C84 /* Debug */ = {
			isa = XCBuildConfiguration;
			baseConfigurationReference = 66B38620F61EC5886FE023AC /* Pods-ShoeStore.debug.xcconfig */;
			buildSettings = {
				ASSETCATALOG_COMPILER_APPICON_NAME = AppIcon;
				ASSETCATALOG_COMPILER_GLOBAL_ACCENT_COLOR_NAME = AccentColor;
				CODE_SIGN_ENTITLEMENTS = ShoeStore/ShoeStore.entitlements;
				CODE_SIGN_STYLE = Automatic;
				CURRENT_PROJECT_VERSION = 1;
				DEVELOPMENT_ASSET_PATHS = "\"ShoeStore/Preview Content\"";
				DEVELOPMENT_TEAM = FUQ4LQKC8Z;
				ENABLE_HARDENED_RUNTIME = YES;
				ENABLE_PREVIEWS = YES;
				GENERATE_INFOPLIST_FILE = YES;
				"INFOPLIST_KEY_UIApplicationSceneManifest_Generation[sdk=iphoneos*]" = YES;
				"INFOPLIST_KEY_UIApplicationSceneManifest_Generation[sdk=iphonesimulator*]" = YES;
				"INFOPLIST_KEY_UIApplicationSupportsIndirectInputEvents[sdk=iphoneos*]" = YES;
				"INFOPLIST_KEY_UIApplicationSupportsIndirectInputEvents[sdk=iphonesimulator*]" = YES;
				"INFOPLIST_KEY_UILaunchScreen_Generation[sdk=iphoneos*]" = YES;
				"INFOPLIST_KEY_UILaunchScreen_Generation[sdk=iphonesimulator*]" = YES;
				"INFOPLIST_KEY_UIStatusBarStyle[sdk=iphoneos*]" = UIStatusBarStyleDefault;
				"INFOPLIST_KEY_UIStatusBarStyle[sdk=iphonesimulator*]" = UIStatusBarStyleDefault;
				INFOPLIST_KEY_UISupportedInterfaceOrientations_iPad = "UIInterfaceOrientationPortrait UIInterfaceOrientationPortraitUpsideDown UIInterfaceOrientationLandscapeLeft UIInterfaceOrientationLandscapeRight";
				INFOPLIST_KEY_UISupportedInterfaceOrientations_iPhone = "UIInterfaceOrientationPortrait UIInterfaceOrientationLandscapeLeft UIInterfaceOrientationLandscapeRight";
				IPHONEOS_DEPLOYMENT_TARGET = 17.4;
				LD_RUNPATH_SEARCH_PATHS = "@executable_path/Frameworks";
				"LD_RUNPATH_SEARCH_PATHS[sdk=macosx*]" = "@executable_path/../Frameworks";
				MACOSX_DEPLOYMENT_TARGET = 14.4;
				MARKETING_VERSION = 1.0;
				PRODUCT_BUNDLE_IDENTIFIER = com.felipeassis.ShoeStore;
				PRODUCT_NAME = "$(TARGET_NAME)";
				SDKROOT = auto;
				SUPPORTED_PLATFORMS = "iphoneos iphonesimulator macosx";
				SWIFT_EMIT_LOC_STRINGS = YES;
				SWIFT_VERSION = 5.0;
				TARGETED_DEVICE_FAMILY = "1,2";
			};
			name = Debug;
		};
		9E8544372C1FD06A00572C84 /* Release */ = {
			isa = XCBuildConfiguration;
			baseConfigurationReference = 7E136F3D7E9EF85A48CE5144 /* Pods-ShoeStore.release.xcconfig */;
			buildSettings = {
				ASSETCATALOG_COMPILER_APPICON_NAME = AppIcon;
				ASSETCATALOG_COMPILER_GLOBAL_ACCENT_COLOR_NAME = AccentColor;
				CODE_SIGN_ENTITLEMENTS = ShoeStore/ShoeStore.entitlements;
				CODE_SIGN_STYLE = Automatic;
				CURRENT_PROJECT_VERSION = 1;
				DEVELOPMENT_ASSET_PATHS = "\"ShoeStore/Preview Content\"";
				DEVELOPMENT_TEAM = FUQ4LQKC8Z;
				ENABLE_HARDENED_RUNTIME = YES;
				ENABLE_PREVIEWS = YES;
				GENERATE_INFOPLIST_FILE = YES;
				"INFOPLIST_KEY_UIApplicationSceneManifest_Generation[sdk=iphoneos*]" = YES;
				"INFOPLIST_KEY_UIApplicationSceneManifest_Generation[sdk=iphonesimulator*]" = YES;
				"INFOPLIST_KEY_UIApplicationSupportsIndirectInputEvents[sdk=iphoneos*]" = YES;
				"INFOPLIST_KEY_UIApplicationSupportsIndirectInputEvents[sdk=iphonesimulator*]" = YES;
				"INFOPLIST_KEY_UILaunchScreen_Generation[sdk=iphoneos*]" = YES;
				"INFOPLIST_KEY_UILaunchScreen_Generation[sdk=iphonesimulator*]" = YES;
				"INFOPLIST_KEY_UIStatusBarStyle[sdk=iphoneos*]" = UIStatusBarStyleDefault;
				"INFOPLIST_KEY_UIStatusBarStyle[sdk=iphonesimulator*]" = UIStatusBarStyleDefault;
				INFOPLIST_KEY_UISupportedInterfaceOrientations_iPad = "UIInterfaceOrientationPortrait UIInterfaceOrientationPortraitUpsideDown UIInterfaceOrientationLandscapeLeft UIInterfaceOrientationLandscapeRight";
				INFOPLIST_KEY_UISupportedInterfaceOrientations_iPhone = "UIInterfaceOrientationPortrait UIInterfaceOrientationLandscapeLeft UIInterfaceOrientationLandscapeRight";
				IPHONEOS_DEPLOYMENT_TARGET = 17.4;
				LD_RUNPATH_SEARCH_PATHS = "@executable_path/Frameworks";
				"LD_RUNPATH_SEARCH_PATHS[sdk=macosx*]" = "@executable_path/../Frameworks";
				MACOSX_DEPLOYMENT_TARGET = 14.4;
				MARKETING_VERSION = 1.0;
				PRODUCT_BUNDLE_IDENTIFIER = com.felipeassis.ShoeStore;
				PRODUCT_NAME = "$(TARGET_NAME)";
				SDKROOT = auto;
				SUPPORTED_PLATFORMS = "iphoneos iphonesimulator macosx";
				SWIFT_EMIT_LOC_STRINGS = YES;
				SWIFT_VERSION = 5.0;
				TARGETED_DEVICE_FAMILY = "1,2";
			};
			name = Release;
		};
/* End XCBuildConfiguration section */

/* Begin XCConfigurationList section */
		9E8544212C1FD06900572C84 /* Build configuration list for PBXProject "ShoeStore" */ = {
			isa = XCConfigurationList;
			buildConfigurations = (
				9E8544332C1FD06A00572C84 /* Debug */,
				9E8544342C1FD06A00572C84 /* Release */,
			);
			defaultConfigurationIsVisible = 0;
			defaultConfigurationName = Release;
		};
		9E8544352C1FD06A00572C84 /* Build configuration list for PBXNativeTarget "ShoeStore" */ = {
			isa = XCConfigurationList;
			buildConfigurations = (
				9E8544362C1FD06A00572C84 /* Debug */,
				9E8544372C1FD06A00572C84 /* Release */,
			);
			defaultConfigurationIsVisible = 0;
			defaultConfigurationName = Release;
		};
/* End XCConfigurationList section */
	};
	rootObject = 9E85441E2C1FD06900572C84 /* Project object */;
}
